
Microsoft Visual Studio Solution File, Format Version 12.00
# Visual Studio Version 17
VisualStudioVersion = 17.14.36414.22 d17.14
MinimumVisualStudioVersion = 10.0.40219.1
Project("{2150E333-8FDC-42A3-9474-1A3956D46DE8}") = "Task0", "Task0", "{02EA681E-C7D8-13C7-8484-4AC65E1B71E8}"
EndProject
Project("{FAE04EC0-301F-11D3-BF4B-00C04F79EFBC}") = "Tyuiu.AntonovDI.Sprint3.Task0.V1", "Tyuiu.AntonovDI.Sprint3.Task0.V1\Tyuiu.AntonovDI.Sprint3.Task0.V1.csproj", "{7035C824-9073-46BF-B5E5-5DF5DC0DB6AA}"
EndProject
Project("{FAE04EC0-301F-11D3-BF4B-00C04F79EFBC}") = "Tyuiu.AntonovDI.Sprint3.Task0.V1.Lib", "Tyuiu.AntonovDI.Sprint3.Task0.V1.Lib\Tyuiu.AntonovDI.Sprint3.Task0.V1.Lib.csproj", "{8B81D9A9-B344-4521-8F37-B0D712678868}"
EndProject
Project("{FAE04EC0-301F-11D3-BF4B-00C04F79EFBC}") = "Tyuiu.AntonovDI.Sprint3.Task0.V1.Test", "Tyuiu.AntonovDI.Sprint3.Task0.V1.Test\Tyuiu.AntonovDI.Sprint3.Task0.V1.Test.csproj", "{7952DA60-4CB9-4107-99A0-BCB8D0153A14}"
EndProject
Global
	GlobalSection(SolutionConfigurationPlatforms) = preSolution
		Debug|Any CPU = Debug|Any CPU
		Release|Any CPU = Release|Any CPU
	EndGlobalSection
	GlobalSection(ProjectConfigurationPlatforms) = postSolution
		{7035C824-9073-46BF-B5E5-5DF5DC0DB6AA}.Debug|Any CPU.ActiveCfg = Debug|Any CPU
		{7035C824-9073-46BF-B5E5-5DF5DC0DB6AA}.Debug|Any CPU.Build.0 = Debug|Any CPU
		{7035C824-9073-46BF-B5E5-5DF5DC0DB6AA}.Release|Any CPU.ActiveCfg = Release|Any CPU
		{7035C824-9073-46BF-B5E5-5DF5DC0DB6AA}.Release|Any CPU.Build.0 = Release|Any CPU
		{8B81D9A9-B344-4521-8F37-B0D712678868}.Debug|Any CPU.ActiveCfg = Debug|Any CPU
		{8B81D9A9-B344-4521-8F37-B0D712678868}.Debug|Any CPU.Build.0 = Debug|Any CPU
		{8B81D9A9-B344-4521-8F37-B0D712678868}.Release|Any CPU.ActiveCfg = Release|Any CPU
		{8B81D9A9-B344-4521-8F37-B0D712678868}.Release|Any CPU.Build.0 = Release|Any CPU
		{7952DA60-4CB9-4107-99A0-BCB8D0153A14}.Debug|Any CPU.ActiveCfg = Debug|Any CPU
		{7952DA60-4CB9-4107-99A0-BCB8D0153A14}.Debug|Any CPU.Build.0 = Debug|Any CPU
		{7952DA60-4CB9-4107-99A0-BCB8D0153A14}.Release|Any CPU.ActiveCfg = Release|Any CPU
		{7952DA60-4CB9-4107-99A0-BCB8D0153A14}.Release|Any CPU.Build.0 = Release|Any CPU
	EndGlobalSection
	GlobalSection(SolutionProperties) = preSolution
		HideSolutionNode = FALSE
	EndGlobalSection
	GlobalSection(NestedProjects) = preSolution
		{7035C824-9073-46BF-B5E5-5DF5DC0DB6AA} = {02EA681E-C7D8-13C7-8484-4AC65E1B71E8}
		{8B81D9A9-B344-4521-8F37-B0D712678868} = {02EA681E-C7D8-13C7-8484-4AC65E1B71E8}
		{7952DA60-4CB9-4107-99A0-BCB8D0153A14} = {02EA681E-C7D8-13C7-8484-4AC65E1B71E8}
	EndGlobalSection
	GlobalSection(ExtensibilityGlobals) = postSolution
		SolutionGuid = {6BFB7A5B-61C2-4EA7-9EF7-0242B179B0C3}
	EndGlobalSection
EndGlobal
