
Microsoft Visual Studio Solution File, Format Version 12.00
# Visual Studio Version 17
VisualStudioVersion = 17.14.36414.22
MinimumVisualStudioVersion = 10.0.40219.1
Project("{2150E333-8FDC-42A3-9474-1A3956D46DE8}") = "Task0", "Task0", "{02EA681E-C7D8-13C7-8484-4AC65E1B71E8}"
EndProject
Project("{FAE04EC0-301F-11D3-BF4B-00C04F79EFBC}") = "Tyuiu.AntonovDI.Sprint3.Task0.V1", "Tyuiu.AntonovDI.Sprint3.Task0.V1\Tyuiu.AntonovDI.Sprint3.Task0.V1.csproj", "{7035C824-9073-46BF-B5E5-5DF5DC0DB6AA}"
EndProject
Project("{FAE04EC0-301F-11D3-BF4B-00C04F79EFBC}") = "Tyuiu.AntonovDI.Sprint3.Task0.V1.Lib", "Tyuiu.AntonovDI.Sprint3.Task0.V1.Lib\Tyuiu.AntonovDI.Sprint3.Task0.V1.Lib.csproj", "{8B81D9A9-B344-4521-8F37-B0D712678868}"
EndProject
Project("{FAE04EC0-301F-11D3-BF4B-00C04F79EFBC}") = "Tyuiu.AntonovDI.Sprint3.Task0.V1.Test", "Tyuiu.AntonovDI.Sprint3.Task0.V1.Test\Tyuiu.AntonovDI.Sprint3.Task0.V1.Test.csproj", "{7952DA60-4CB9-4107-99A0-BCB8D0153A14}"
EndProject
Project("{2150E333-8FDC-42A3-9474-1A3956D46DE8}") = "Task1", "Task1", "{77542A6A-42A9-42AB-915A-9ADA92F7B948}"
EndProject
Project("{FAE04EC0-301F-11D3-BF4B-00C04F79EFBC}") = "Tyuiu.AntonovDI.Sprint3.Task1.V18", "Tyuiu.AntonovDI.Sprint3.Task1.V18\Tyuiu.AntonovDI.Sprint3.Task1.V18.csproj", "{BE4E47DD-D735-43C0-ABA3-221CD575047D}"
EndProject
Project("{FAE04EC0-301F-11D3-BF4B-00C04F79EFBC}") = "Tyuiu.AntonovDI.Sprint3.Task1.V18.Lib", "Tyuiu.AntonovDI.Sprint3.Task1.V18.Lib\Tyuiu.AntonovDI.Sprint3.Task1.V18.Lib.csproj", "{158B15C9-95C1-40C9-AD60-D284D4067896}"
EndProject
Project("{FAE04EC0-301F-11D3-BF4B-00C04F79EFBC}") = "Tyuiu.AntonovDI.Sprint3.Task1.V18.Test", "Tyuiu.AntonovDI.Sprint3.Task1.V18.Test\Tyuiu.AntonovDI.Sprint3.Task1.V18.Test.csproj", "{2B09018C-83AC-44F4-8C69-6FE43BC991F3}"
EndProject
Project("{2150E333-8FDC-42A3-9474-1A3956D46DE8}") = "Task2", "Task2", "{3DCAD182-0723-431F-93BB-1CAF318F5C33}"
EndProject
Project("{FAE04EC0-301F-11D3-BF4B-00C04F79EFBC}") = "Tyuiu.AntonovDI.Sprint3.Task2.V21", "Tyuiu.AntonovDI.Sprint3.Task2.V21\Tyuiu.AntonovDI.Sprint3.Task2.V21.csproj", "{D825D66D-59FB-466C-BA36-5B8C2BDD6BAE}"
EndProject
Project("{FAE04EC0-301F-11D3-BF4B-00C04F79EFBC}") = "Tyuiu.AntonovDI.Sprint3.Task2.V21.Lib", "Tyuiu.AntonovDI.Sprint3.Task2.V21.Lib\Tyuiu.AntonovDI.Sprint3.Task2.V21.Lib.csproj", "{8FF65FBE-AD87-4FC8-BF37-A8AD6ABCCF6F}"
EndProject
Project("{FAE04EC0-301F-11D3-BF4B-00C04F79EFBC}") = "Tyuiu.AntonovDI.Sprint3.Task2.V21.Test", "Tyuiu.AntonovDI.Sprint3.Task2.V21.Test\Tyuiu.AntonovDI.Sprint3.Task2.V21.Test.csproj", "{AE5401F3-1DDE-433C-9A83-79FD52C6A844}"
EndProject
Project("{2150E333-8FDC-42A3-9474-1A3956D46DE8}") = "Task3", "Task3", "{91967751-4ABC-476D-BE02-F28282D0252D}"
EndProject
Project("{FAE04EC0-301F-11D3-BF4B-00C04F79EFBC}") = "Tyuiu.AntonovDI.Sprint3.Task3.V1", "Tyuiu.AntonovDI.Sprint3.Task3.V1\Tyuiu.AntonovDI.Sprint3.Task3.V1.csproj", "{169332C5-2CC2-4130-B025-DAF1457BF7DE}"
EndProject
Project("{FAE04EC0-301F-11D3-BF4B-00C04F79EFBC}") = "Tyuiu.AntonovDI.Sprint3.Task3.V1.Lib", "Tyuiu.AntonovDI.Sprint3.Task3.V1.Lib\Tyuiu.AntonovDI.Sprint3.Task3.V1.Lib.csproj", "{2A176861-8986-42BA-95A3-7943EF191AA9}"
EndProject
Project("{FAE04EC0-301F-11D3-BF4B-00C04F79EFBC}") = "Tyuiu.AntonovDI.Sprint3.Task3.V1.Test", "Tyuiu.AntonovDI.Sprint3.Task3.V1.Test\Tyuiu.AntonovDI.Sprint3.Task3.V1.Test.csproj", "{074202F4-91AA-476D-AE82-753A20FE95EE}"
EndProject
Project("{2150E333-8FDC-42A3-9474-1A3956D46DE8}") = "Task4", "Task4", "{D6803C15-8C0B-4CC3-8EBE-AC7B42D52BED}"
EndProject
Project("{FAE04EC0-301F-11D3-BF4B-00C04F79EFBC}") = "Tyuiu.AntonovDI.Sprint3.Task4.V30", "Tyuiu.AntonovDI.Sprint3.Task4.V30\Tyuiu.AntonovDI.Sprint3.Task4.V30.csproj", "{48B8C71B-0063-4590-A553-B3DA0EAC3EA7}"
EndProject
Project("{FAE04EC0-301F-11D3-BF4B-00C04F79EFBC}") = "Tyuiu.AntonovDI.Sprint3.Task4.V30.Lib", "Tyuiu.AntonovDI.Sprint3.Task4.V30.Lib\Tyuiu.AntonovDI.Sprint3.Task4.V30.Lib.csproj", "{0B1C50B9-B9DF-4508-B6F2-E7A5BEC0D484}"
EndProject
Project("{FAE04EC0-301F-11D3-BF4B-00C04F79EFBC}") = "Tyuiu.AntonovDI.Sprint3.Task4.V30.Test", "Tyuiu.AntonovDI.Sprint3.Task4.V30.Test\Tyuiu.AntonovDI.Sprint3.Task4.V30.Test.csproj", "{70C17CBE-E1E8-4E76-A847-B94EDD1105DC}"
EndProject
Project("{2150E333-8FDC-42A3-9474-1A3956D46DE8}") = "Task5", "Task5", "{E3D2C63B-80A3-4EFA-9BFB-3A3331F8B68E}"
EndProject
Project("{FAE04EC0-301F-11D3-BF4B-00C04F79EFBC}") = "Tyuiu.AntonovDI.Sprint3.Task5.V23", "Tyuiu.AntonovDI.Sprint3.Task5.V23\Tyuiu.AntonovDI.Sprint3.Task5.V23.csproj", "{5D6FDA36-86DA-49E9-B77F-E6993CBF4348}"
EndProject
Project("{FAE04EC0-301F-11D3-BF4B-00C04F79EFBC}") = "Tyuiu.AntonovDI.Sprint3.Task5.V23.Lib", "Tyuiu.AntonovDI.Sprint3.Task5.V23.Lib\Tyuiu.AntonovDI.Sprint3.Task5.V23.Lib.csproj", "{47B16143-2049-4E8C-842B-6CBA4A1A23C0}"
EndProject
Project("{FAE04EC0-301F-11D3-BF4B-00C04F79EFBC}") = "Tyuiu.AntonovDI.Sprint3.Task5.V23.Test", "Tyuiu.AntonovDI.Sprint3.Task5.V23.Test\Tyuiu.AntonovDI.Sprint3.Task5.V23.Test.csproj", "{336F5FA3-E50C-45CE-8970-157D0FF5DF49}"
EndProject
Project("{2150E333-8FDC-42A3-9474-1A3956D46DE8}") = "Task6", "Task6", "{1627CEDA-1071-4903-80AA-EA8FDAE56F8B}"
EndProject
Project("{FAE04EC0-301F-11D3-BF4B-00C04F79EFBC}") = "Tyuiu.AntonovDI.Sprint3.Task6.V25", "Tyuiu.AntonovDI.Sprint3.Task6.V25\Tyuiu.AntonovDI.Sprint3.Task6.V25.csproj", "{8EA6A1C8-EA3A-47C9-BFBC-45844AA89428}"
EndProject
Project("{FAE04EC0-301F-11D3-BF4B-00C04F79EFBC}") = "Tyuiu.AntonovDI.Sprint3.Task6.V25.Lib", "Tyuiu.AntonovDI.Sprint3.Task6.V25.Lib\Tyuiu.AntonovDI.Sprint3.Task6.V25.Lib.csproj", "{AFC872BB-634B-4F05-8704-7A550BC97DDE}"
EndProject
Project("{FAE04EC0-301F-11D3-BF4B-00C04F79EFBC}") = "Tyuiu.AntonovDI.Sprint3.Task6.V25.Test", "Tyuiu.AntonovDI.Sprint3.Task6.V25.Test\Tyuiu.AntonovDI.Sprint3.Task6.V25.Test.csproj", "{58285ED2-B6D5-4EE5-A924-91AA180D47FD}"
EndProject
Global
	GlobalSection(SolutionConfigurationPlatforms) = preSolution
		Debug|Any CPU = Debug|Any CPU
		Release|Any CPU = Release|Any CPU
	EndGlobalSection
	GlobalSection(ProjectConfigurationPlatforms) = postSolution
		{7035C824-9073-46BF-B5E5-5DF5DC0DB6AA}.Debug|Any CPU.ActiveCfg = Debug|Any CPU
		{7035C824-9073-46BF-B5E5-5DF5DC0DB6AA}.Debug|Any CPU.Build.0 = Debug|Any CPU
		{7035C824-9073-46BF-B5E5-5DF5DC0DB6AA}.Release|Any CPU.ActiveCfg = Release|Any CPU
		{7035C824-9073-46BF-B5E5-5DF5DC0DB6AA}.Release|Any CPU.Build.0 = Release|Any CPU
		{8B81D9A9-B344-4521-8F37-B0D712678868}.Debug|Any CPU.ActiveCfg = Debug|Any CPU
		{8B81D9A9-B344-4521-8F37-B0D712678868}.Debug|Any CPU.Build.0 = Debug|Any CPU
		{8B81D9A9-B344-4521-8F37-B0D712678868}.Release|Any CPU.ActiveCfg = Release|Any CPU
		{8B81D9A9-B344-4521-8F37-B0D712678868}.Release|Any CPU.Build.0 = Release|Any CPU
		{7952DA60-4CB9-4107-99A0-BCB8D0153A14}.Debug|Any CPU.ActiveCfg = Debug|Any CPU
		{7952DA60-4CB9-4107-99A0-BCB8D0153A14}.Debug|Any CPU.Build.0 = Debug|Any CPU
		{7952DA60-4CB9-4107-99A0-BCB8D0153A14}.Release|Any CPU.ActiveCfg = Release|Any CPU
		{7952DA60-4CB9-4107-99A0-BCB8D0153A14}.Release|Any CPU.Build.0 = Release|Any CPU
		{BE4E47DD-D735-43C0-ABA3-221CD575047D}.Debug|Any CPU.ActiveCfg = Debug|Any CPU
		{BE4E47DD-D735-43C0-ABA3-221CD575047D}.Debug|Any CPU.Build.0 = Debug|Any CPU
		{BE4E47DD-D735-43C0-ABA3-221CD575047D}.Release|Any CPU.ActiveCfg = Release|Any CPU
		{BE4E47DD-D735-43C0-ABA3-221CD575047D}.Release|Any CPU.Build.0 = Release|Any CPU
		{158B15C9-95C1-40C9-AD60-D284D4067896}.Debug|Any CPU.ActiveCfg = Debug|Any CPU
		{158B15C9-95C1-40C9-AD60-D284D4067896}.Debug|Any CPU.Build.0 = Debug|Any CPU
		{158B15C9-95C1-40C9-AD60-D284D4067896}.Release|Any CPU.ActiveCfg = Release|Any CPU
		{158B15C9-95C1-40C9-AD60-D284D4067896}.Release|Any CPU.Build.0 = Release|Any CPU
		{2B09018C-83AC-44F4-8C69-6FE43BC991F3}.Debug|Any CPU.ActiveCfg = Debug|Any CPU
		{2B09018C-83AC-44F4-8C69-6FE43BC991F3}.Debug|Any CPU.Build.0 = Debug|Any CPU
		{2B09018C-83AC-44F4-8C69-6FE43BC991F3}.Release|Any CPU.ActiveCfg = Release|Any CPU
		{2B09018C-83AC-44F4-8C69-6FE43BC991F3}.Release|Any CPU.Build.0 = Release|Any CPU
		{D825D66D-59FB-466C-BA36-5B8C2BDD6BAE}.Debug|Any CPU.ActiveCfg = Debug|Any CPU
		{D825D66D-59FB-466C-BA36-5B8C2BDD6BAE}.Debug|Any CPU.Build.0 = Debug|Any CPU
		{D825D66D-59FB-466C-BA36-5B8C2BDD6BAE}.Release|Any CPU.ActiveCfg = Release|Any CPU
		{D825D66D-59FB-466C-BA36-5B8C2BDD6BAE}.Release|Any CPU.Build.0 = Release|Any CPU
		{8FF65FBE-AD87-4FC8-BF37-A8AD6ABCCF6F}.Debug|Any CPU.ActiveCfg = Debug|Any CPU
		{8FF65FBE-AD87-4FC8-BF37-A8AD6ABCCF6F}.Debug|Any CPU.Build.0 = Debug|Any CPU
		{8FF65FBE-AD87-4FC8-BF37-A8AD6ABCCF6F}.Release|Any CPU.ActiveCfg = Release|Any CPU
		{8FF65FBE-AD87-4FC8-BF37-A8AD6ABCCF6F}.Release|Any CPU.Build.0 = Release|Any CPU
		{AE5401F3-1DDE-433C-9A83-79FD52C6A844}.Debug|Any CPU.ActiveCfg = Debug|Any CPU
		{AE5401F3-1DDE-433C-9A83-79FD52C6A844}.Debug|Any CPU.Build.0 = Debug|Any CPU
		{AE5401F3-1DDE-433C-9A83-79FD52C6A844}.Release|Any CPU.ActiveCfg = Release|Any CPU
		{AE5401F3-1DDE-433C-9A83-79FD52C6A844}.Release|Any CPU.Build.0 = Release|Any CPU
		{169332C5-2CC2-4130-B025-DAF1457BF7DE}.Debug|Any CPU.ActiveCfg = Debug|Any CPU
		{169332C5-2CC2-4130-B025-DAF1457BF7DE}.Debug|Any CPU.Build.0 = Debug|Any CPU
		{169332C5-2CC2-4130-B025-DAF1457BF7DE}.Release|Any CPU.ActiveCfg = Release|Any CPU
		{169332C5-2CC2-4130-B025-DAF1457BF7DE}.Release|Any CPU.Build.0 = Release|Any CPU
		{2A176861-8986-42BA-95A3-7943EF191AA9}.Debug|Any CPU.ActiveCfg = Debug|Any CPU
		{2A176861-8986-42BA-95A3-7943EF191AA9}.Debug|Any CPU.Build.0 = Debug|Any CPU
		{2A176861-8986-42BA-95A3-7943EF191AA9}.Release|Any CPU.ActiveCfg = Release|Any CPU
		{2A176861-8986-42BA-95A3-7943EF191AA9}.Release|Any CPU.Build.0 = Release|Any CPU
		{074202F4-91AA-476D-AE82-753A20FE95EE}.Debug|Any CPU.ActiveCfg = Debug|Any CPU
		{074202F4-91AA-476D-AE82-753A20FE95EE}.Debug|Any CPU.Build.0 = Debug|Any CPU
		{074202F4-91AA-476D-AE82-753A20FE95EE}.Release|Any CPU.ActiveCfg = Release|Any CPU
		{074202F4-91AA-476D-AE82-753A20FE95EE}.Release|Any CPU.Build.0 = Release|Any CPU
		{48B8C71B-0063-4590-A553-B3DA0EAC3EA7}.Debug|Any CPU.ActiveCfg = Debug|Any CPU
		{48B8C71B-0063-4590-A553-B3DA0EAC3EA7}.Debug|Any CPU.Build.0 = Debug|Any CPU
		{48B8C71B-0063-4590-A553-B3DA0EAC3EA7}.Release|Any CPU.ActiveCfg = Release|Any CPU
		{48B8C71B-0063-4590-A553-B3DA0EAC3EA7}.Release|Any CPU.Build.0 = Release|Any CPU
		{0B1C50B9-B9DF-4508-B6F2-E7A5BEC0D484}.Debug|Any CPU.ActiveCfg = Debug|Any CPU
		{0B1C50B9-B9DF-4508-B6F2-E7A5BEC0D484}.Debug|Any CPU.Build.0 = Debug|Any CPU
		{0B1C50B9-B9DF-4508-B6F2-E7A5BEC0D484}.Release|Any CPU.ActiveCfg = Release|Any CPU
		{0B1C50B9-B9DF-4508-B6F2-E7A5BEC0D484}.Release|Any CPU.Build.0 = Release|Any CPU
		{70C17CBE-E1E8-4E76-A847-B94EDD1105DC}.Debug|Any CPU.ActiveCfg = Debug|Any CPU
		{70C17CBE-E1E8-4E76-A847-B94EDD1105DC}.Debug|Any CPU.Build.0 = Debug|Any CPU
		{70C17CBE-E1E8-4E76-A847-B94EDD1105DC}.Release|Any CPU.ActiveCfg = Release|Any CPU
		{70C17CBE-E1E8-4E76-A847-B94EDD1105DC}.Release|Any CPU.Build.0 = Release|Any CPU
		{5D6FDA36-86DA-49E9-B77F-E6993CBF4348}.Debug|Any CPU.ActiveCfg = Debug|Any CPU
		{5D6FDA36-86DA-49E9-B77F-E6993CBF4348}.Debug|Any CPU.Build.0 = Debug|Any CPU
		{5D6FDA36-86DA-49E9-B77F-E6993CBF4348}.Release|Any CPU.ActiveCfg = Release|Any CPU
		{5D6FDA36-86DA-49E9-B77F-E6993CBF4348}.Release|Any CPU.Build.0 = Release|Any CPU
		{47B16143-2049-4E8C-842B-6CBA4A1A23C0}.Debug|Any CPU.ActiveCfg = Debug|Any CPU
		{47B16143-2049-4E8C-842B-6CBA4A1A23C0}.Debug|Any CPU.Build.0 = Debug|Any CPU
		{47B16143-2049-4E8C-842B-6CBA4A1A23C0}.Release|Any CPU.ActiveCfg = Release|Any CPU
		{47B16143-2049-4E8C-842B-6CBA4A1A23C0}.Release|Any CPU.Build.0 = Release|Any CPU
		{336F5FA3-E50C-45CE-8970-157D0FF5DF49}.Debug|Any CPU.ActiveCfg = Debug|Any CPU
		{336F5FA3-E50C-45CE-8970-157D0FF5DF49}.Debug|Any CPU.Build.0 = Debug|Any CPU
		{336F5FA3-E50C-45CE-8970-157D0FF5DF49}.Release|Any CPU.ActiveCfg = Release|Any CPU
		{336F5FA3-E50C-45CE-8970-157D0FF5DF49}.Release|Any CPU.Build.0 = Release|Any CPU
		{8EA6A1C8-EA3A-47C9-BFBC-45844AA89428}.Debug|Any CPU.ActiveCfg = Debug|Any CPU
		{8EA6A1C8-EA3A-47C9-BFBC-45844AA89428}.Debug|Any CPU.Build.0 = Debug|Any CPU
		{8EA6A1C8-EA3A-47C9-BFBC-45844AA89428}.Release|Any CPU.ActiveCfg = Release|Any CPU
		{8EA6A1C8-EA3A-47C9-BFBC-45844AA89428}.Release|Any CPU.Build.0 = Release|Any CPU
		{AFC872BB-634B-4F05-8704-7A550BC97DDE}.Debug|Any CPU.ActiveCfg = Debug|Any CPU
		{AFC872BB-634B-4F05-8704-7A550BC97DDE}.Debug|Any CPU.Build.0 = Debug|Any CPU
		{AFC872BB-634B-4F05-8704-7A550BC97DDE}.Release|Any CPU.ActiveCfg = Release|Any CPU
		{AFC872BB-634B-4F05-8704-7A550BC97DDE}.Release|Any CPU.Build.0 = Release|Any CPU
		{58285ED2-B6D5-4EE5-A924-91AA180D47FD}.Debug|Any CPU.ActiveCfg = Debug|Any CPU
		{58285ED2-B6D5-4EE5-A924-91AA180D47FD}.Debug|Any CPU.Build.0 = Debug|Any CPU
		{58285ED2-B6D5-4EE5-A924-91AA180D47FD}.Release|Any CPU.ActiveCfg = Release|Any CPU
		{58285ED2-B6D5-4EE5-A924-91AA180D47FD}.Release|Any CPU.Build.0 = Release|Any CPU
	EndGlobalSection
	GlobalSection(SolutionProperties) = preSolution
		HideSolutionNode = FALSE
	EndGlobalSection
	GlobalSection(NestedProjects) = preSolution
		{7035C824-9073-46BF-B5E5-5DF5DC0DB6AA} = {02EA681E-C7D8-13C7-8484-4AC65E1B71E8}
		{8B81D9A9-B344-4521-8F37-B0D712678868} = {02EA681E-C7D8-13C7-8484-4AC65E1B71E8}
		{7952DA60-4CB9-4107-99A0-BCB8D0153A14} = {02EA681E-C7D8-13C7-8484-4AC65E1B71E8}
		{BE4E47DD-D735-43C0-ABA3-221CD575047D} = {77542A6A-42A9-42AB-915A-9ADA92F7B948}
		{158B15C9-95C1-40C9-AD60-D284D4067896} = {77542A6A-42A9-42AB-915A-9ADA92F7B948}
		{2B09018C-83AC-44F4-8C69-6FE43BC991F3} = {77542A6A-42A9-42AB-915A-9ADA92F7B948}
		{D825D66D-59FB-466C-BA36-5B8C2BDD6BAE} = {3DCAD182-0723-431F-93BB-1CAF318F5C33}
		{8FF65FBE-AD87-4FC8-BF37-A8AD6ABCCF6F} = {3DCAD182-0723-431F-93BB-1CAF318F5C33}
		{AE5401F3-1DDE-433C-9A83-79FD52C6A844} = {3DCAD182-0723-431F-93BB-1CAF318F5C33}
		{169332C5-2CC2-4130-B025-DAF1457BF7DE} = {91967751-4ABC-476D-BE02-F28282D0252D}
		{2A176861-8986-42BA-95A3-7943EF191AA9} = {91967751-4ABC-476D-BE02-F28282D0252D}
		{074202F4-91AA-476D-AE82-753A20FE95EE} = {91967751-4ABC-476D-BE02-F28282D0252D}
		{48B8C71B-0063-4590-A553-B3DA0EAC3EA7} = {D6803C15-8C0B-4CC3-8EBE-AC7B42D52BED}
		{0B1C50B9-B9DF-4508-B6F2-E7A5BEC0D484} = {D6803C15-8C0B-4CC3-8EBE-AC7B42D52BED}
		{70C17CBE-E1E8-4E76-A847-B94EDD1105DC} = {D6803C15-8C0B-4CC3-8EBE-AC7B42D52BED}
		{5D6FDA36-86DA-49E9-B77F-E6993CBF4348} = {E3D2C63B-80A3-4EFA-9BFB-3A3331F8B68E}
		{47B16143-2049-4E8C-842B-6CBA4A1A23C0} = {E3D2C63B-80A3-4EFA-9BFB-3A3331F8B68E}
		{336F5FA3-E50C-45CE-8970-157D0FF5DF49} = {E3D2C63B-80A3-4EFA-9BFB-3A3331F8B68E}
		{8EA6A1C8-EA3A-47C9-BFBC-45844AA89428} = {1627CEDA-1071-4903-80AA-EA8FDAE56F8B}
		{AFC872BB-634B-4F05-8704-7A550BC97DDE} = {1627CEDA-1071-4903-80AA-EA8FDAE56F8B}
		{58285ED2-B6D5-4EE5-A924-91AA180D47FD} = {1627CEDA-1071-4903-80AA-EA8FDAE56F8B}
	EndGlobalSection
	GlobalSection(ExtensibilityGlobals) = postSolution
		SolutionGuid = {6BFB7A5B-61C2-4EA7-9EF7-0242B179B0C3}
	EndGlobalSection
EndGlobal
